
Microsoft Visual Studio Solution File, Format Version 12.00
# Visual Studio Version 16
VisualStudioVersion = 16.0.30104.148
MinimumVisualStudioVersion = 10.0.40219.1
Project("{8BC9CEB8-8B4A-11D0-8D11-00A0C91BC942}") = "LD4_VS", "LD4_VS\LD4_VS.vcxproj", "{B780F6A0-15F5-4C35-9E7E-DFF0AF7764B4}"
EndProject
Global
	GlobalSection(SolutionConfigurationPlatforms) = preSolution
		Debug|x64 = Debug|x64
		Debug|x86 = Debug|x86
		Release|x64 = Release|x64
		Release|x86 = Release|x86
	EndGlobalSection
	GlobalSection(ProjectConfigurationPlatforms) = postSolution
		{B780F6A0-15F5-4C35-9E7E-DFF0AF7764B4}.Debug|x64.ActiveCfg = Debug|x64
		{B780F6A0-15F5-4C35-9E7E-DFF0AF7764B4}.Debug|x64.Build.0 = Debug|x64
		{B780F6A0-15F5-4C35-9E7E-DFF0AF7764B4}.Debug|x86.ActiveCfg = Debug|Win32
		{B780F6A0-15F5-4C35-9E7E-DFF0AF7764B4}.Debug|x86.Build.0 = Debug|Win32
		{B780F6A0-15F5-4C35-9E7E-DFF0AF7764B4}.Release|x64.ActiveCfg = Release|x64
		{B780F6A0-15F5-4C35-9E7E-DFF0AF7764B4}.Release|x64.Build.0 = Release|x64
		{B780F6A0-15F5-4C35-9E7E-DFF0AF7764B4}.Release|x86.ActiveCfg = Release|Win32
		{B780F6A0-15F5-4C35-9E7E-DFF0AF7764B4}.Release|x86.Build.0 = Release|Win32
	EndGlobalSection
	GlobalSection(SolutionProperties) = preSolution
		HideSolutionNode = FALSE
	EndGlobalSection
	GlobalSection(ExtensibilityGlobals) = postSolution
		SolutionGuid = {D9961BC2-C1E9-46B3-9381-5140BA565B4D}
	EndGlobalSection
EndGlobal
