
Microsoft Visual Studio Solution File, Format Version 12.00
# Visual Studio Version 16
VisualStudioVersion = 16.0.30225.117
MinimumVisualStudioVersion = 10.0.40219.1
Project("{FAE04EC0-301F-11D3-BF4B-00C04F79EFBC}") = "LD7csh", "LD7csh\LD7csh.csproj", "{55BED414-A4FB-458E-9C6B-4E0BBADCFB5B}"
EndProject
Global
	GlobalSection(SolutionConfigurationPlatforms) = preSolution
		Debug|Any CPU = Debug|Any CPU
		Release|Any CPU = Release|Any CPU
	EndGlobalSection
	GlobalSection(ProjectConfigurationPlatforms) = postSolution
		{55BED414-A4FB-458E-9C6B-4E0BBADCFB5B}.Debug|Any CPU.ActiveCfg = Debug|Any CPU
		{55BED414-A4FB-458E-9C6B-4E0BBADCFB5B}.Debug|Any CPU.Build.0 = Debug|Any CPU
		{55BED414-A4FB-458E-9C6B-4E0BBADCFB5B}.Release|Any CPU.ActiveCfg = Release|Any CPU
		{55BED414-A4FB-458E-9C6B-4E0BBADCFB5B}.Release|Any CPU.Build.0 = Release|Any CPU
	EndGlobalSection
	GlobalSection(SolutionProperties) = preSolution
		HideSolutionNode = FALSE
	EndGlobalSection
	GlobalSection(ExtensibilityGlobals) = postSolution
		SolutionGuid = {6C298A27-8B3B-40DB-A149-9C221BE122CC}
	EndGlobalSection
EndGlobal
